
Microsoft Visual Studio Solution File, Format Version 12.00
# Visual Studio 15
VisualStudioVersion = 15.0.28307.539
MinimumVisualStudioVersion = 10.0.40219.1
Project("{FAE04EC0-301F-11D3-BF4B-00C04F79EFBC}") = "Inventory.PresentationLayer", "Inventory.PresentationLayer\Inventory.PresentationLayer.csproj", "{8B92F9A3-566E-4D54-9788-441E0C672CBD}"
EndProject
Project("{FAE04EC0-301F-11D3-BF4B-00C04F79EFBC}") = "Inventory.BusinessLayer", "Inventory.BusinessLayer\Inventory.BusinessLayer.csproj", "{E4452F98-FC9C-4EC7-94B7-AAB990B48B2D}"
EndProject
Project("{FAE04EC0-301F-11D3-BF4B-00C04F79EFBC}") = "Inventory.Entities", "Inventory.Entities\Inventory.Entities.csproj", "{C323E37D-4145-4932-BFC4-9ED530B24D31}"
EndProject
Project("{FAE04EC0-301F-11D3-BF4B-00C04F79EFBC}") = "Inventory.DataAccessLayer", "Inventory.DataAccessLayer\Inventory.DataAccessLayer.csproj", "{2901D4C1-BCDE-4564-8750-DE6B8BEC944C}"
EndProject
Project("{FAE04EC0-301F-11D3-BF4B-00C04F79EFBC}") = "Inventory.Exceptions", "Inventory.Exceptions\Inventory.Exceptions.csproj", "{0767B09C-C34E-41F4-A821-DD114E8D2898}"
EndProject
Project("{FAE04EC0-301F-11D3-BF4B-00C04F79EFBC}") = "Inventory.Contracts", "Inventory.Contracts\Inventory.Contracts.csproj", "{C284B4FB-8F68-46B6-BC41-E2578D4DBC7D}"
EndProject
Project("{FAE04EC0-301F-11D3-BF4B-00C04F79EFBC}") = "Inventory.Helpers", "Inventory.Helpers\Inventory.Helpers.csproj", "{D82276DC-0BDA-4BBC-9396-879729588C20}"
EndProject
Global
	GlobalSection(SolutionConfigurationPlatforms) = preSolution
		Debug|Any CPU = Debug|Any CPU
		Release|Any CPU = Release|Any CPU
	EndGlobalSection
	GlobalSection(ProjectConfigurationPlatforms) = postSolution
		{8B92F9A3-566E-4D54-9788-441E0C672CBD}.Debug|Any CPU.ActiveCfg = Debug|Any CPU
		{8B92F9A3-566E-4D54-9788-441E0C672CBD}.Debug|Any CPU.Build.0 = Debug|Any CPU
		{8B92F9A3-566E-4D54-9788-441E0C672CBD}.Release|Any CPU.ActiveCfg = Release|Any CPU
		{8B92F9A3-566E-4D54-9788-441E0C672CBD}.Release|Any CPU.Build.0 = Release|Any CPU
		{E4452F98-FC9C-4EC7-94B7-AAB990B48B2D}.Debug|Any CPU.ActiveCfg = Debug|Any CPU
		{E4452F98-FC9C-4EC7-94B7-AAB990B48B2D}.Debug|Any CPU.Build.0 = Debug|Any CPU
		{E4452F98-FC9C-4EC7-94B7-AAB990B48B2D}.Release|Any CPU.ActiveCfg = Release|Any CPU
		{E4452F98-FC9C-4EC7-94B7-AAB990B48B2D}.Release|Any CPU.Build.0 = Release|Any CPU
		{C323E37D-4145-4932-BFC4-9ED530B24D31}.Debug|Any CPU.ActiveCfg = Debug|Any CPU
		{C323E37D-4145-4932-BFC4-9ED530B24D31}.Debug|Any CPU.Build.0 = Debug|Any CPU
		{C323E37D-4145-4932-BFC4-9ED530B24D31}.Release|Any CPU.ActiveCfg = Release|Any CPU
		{C323E37D-4145-4932-BFC4-9ED530B24D31}.Release|Any CPU.Build.0 = Release|Any CPU
		{2901D4C1-BCDE-4564-8750-DE6B8BEC944C}.Debug|Any CPU.ActiveCfg = Debug|Any CPU
		{2901D4C1-BCDE-4564-8750-DE6B8BEC944C}.Debug|Any CPU.Build.0 = Debug|Any CPU
		{2901D4C1-BCDE-4564-8750-DE6B8BEC944C}.Release|Any CPU.ActiveCfg = Release|Any CPU
		{2901D4C1-BCDE-4564-8750-DE6B8BEC944C}.Release|Any CPU.Build.0 = Release|Any CPU
		{0767B09C-C34E-41F4-A821-DD114E8D2898}.Debug|Any CPU.ActiveCfg = Debug|Any CPU
		{0767B09C-C34E-41F4-A821-DD114E8D2898}.Debug|Any CPU.Build.0 = Debug|Any CPU
		{0767B09C-C34E-41F4-A821-DD114E8D2898}.Release|Any CPU.ActiveCfg = Release|Any CPU
		{0767B09C-C34E-41F4-A821-DD114E8D2898}.Release|Any CPU.Build.0 = Release|Any CPU
		{C284B4FB-8F68-46B6-BC41-E2578D4DBC7D}.Debug|Any CPU.ActiveCfg = Debug|Any CPU
		{C284B4FB-8F68-46B6-BC41-E2578D4DBC7D}.Debug|Any CPU.Build.0 = Debug|Any CPU
		{C284B4FB-8F68-46B6-BC41-E2578D4DBC7D}.Release|Any CPU.ActiveCfg = Release|Any CPU
		{C284B4FB-8F68-46B6-BC41-E2578D4DBC7D}.Release|Any CPU.Build.0 = Release|Any CPU
		{D82276DC-0BDA-4BBC-9396-879729588C20}.Debug|Any CPU.ActiveCfg = Debug|Any CPU
		{D82276DC-0BDA-4BBC-9396-879729588C20}.Debug|Any CPU.Build.0 = Debug|Any CPU
		{D82276DC-0BDA-4BBC-9396-879729588C20}.Release|Any CPU.ActiveCfg = Release|Any CPU
		{D82276DC-0BDA-4BBC-9396-879729588C20}.Release|Any CPU.Build.0 = Release|Any CPU
	EndGlobalSection
	GlobalSection(SolutionProperties) = preSolution
		HideSolutionNode = FALSE
	EndGlobalSection
	GlobalSection(ExtensibilityGlobals) = postSolution
		SolutionGuid = {34A75066-3447-4A58-B733-7028A43FAB7D}
	EndGlobalSection
EndGlobal
