
Microsoft Visual Studio Solution File, Format Version 12.00
# Visual Studio 15
VisualStudioVersion = 15.0.28307.539
MinimumVisualStudioVersion = 10.0.40219.1
Project("{FAE04EC0-301F-11D3-BF4B-00C04F79EFBC}") = "OOPProject", "OOPProject\OOPProject.csproj", "{DE5C97C4-5E87-4D60-AF14-F5244301652A}"
EndProject
Global
	GlobalSection(SolutionConfigurationPlatforms) = preSolution
		Debug|Any CPU = Debug|Any CPU
		Release|Any CPU = Release|Any CPU
	EndGlobalSection
	GlobalSection(ProjectConfigurationPlatforms) = postSolution
		{DE5C97C4-5E87-4D60-AF14-F5244301652A}.Debug|Any CPU.ActiveCfg = Debug|Any CPU
		{DE5C97C4-5E87-4D60-AF14-F5244301652A}.Debug|Any CPU.Build.0 = Debug|Any CPU
		{DE5C97C4-5E87-4D60-AF14-F5244301652A}.Release|Any CPU.ActiveCfg = Release|Any CPU
		{DE5C97C4-5E87-4D60-AF14-F5244301652A}.Release|Any CPU.Build.0 = Release|Any CPU
	EndGlobalSection
	GlobalSection(SolutionProperties) = preSolution
		HideSolutionNode = FALSE
	EndGlobalSection
	GlobalSection(ExtensibilityGlobals) = postSolution
		SolutionGuid = {4475D06A-914D-4310-9B54-27F69DB6F24A}
	EndGlobalSection
EndGlobal
