
Microsoft Visual Studio Solution File, Format Version 12.00
# Visual Studio 15
VisualStudioVersion = 15.0.28307.539
MinimumVisualStudioVersion = 10.0.40219.1
Project("{FAE04EC0-301F-11D3-BF4B-00C04F79EFBC}") = "jQueryPractice", "jQueryPractice\jQueryPractice.csproj", "{009911B1-5350-4BC0-AEEA-AEE48AC6FA14}"
EndProject
Global
	GlobalSection(SolutionConfigurationPlatforms) = preSolution
		Debug|Any CPU = Debug|Any CPU
		Release|Any CPU = Release|Any CPU
	EndGlobalSection
	GlobalSection(ProjectConfigurationPlatforms) = postSolution
		{009911B1-5350-4BC0-AEEA-AEE48AC6FA14}.Debug|Any CPU.ActiveCfg = Debug|Any CPU
		{009911B1-5350-4BC0-AEEA-AEE48AC6FA14}.Debug|Any CPU.Build.0 = Debug|Any CPU
		{009911B1-5350-4BC0-AEEA-AEE48AC6FA14}.Release|Any CPU.ActiveCfg = Release|Any CPU
		{009911B1-5350-4BC0-AEEA-AEE48AC6FA14}.Release|Any CPU.Build.0 = Release|Any CPU
	EndGlobalSection
	GlobalSection(SolutionProperties) = preSolution
		HideSolutionNode = FALSE
	EndGlobalSection
	GlobalSection(ExtensibilityGlobals) = postSolution
		SolutionGuid = {DAA36260-60FB-484C-A840-2B2AF2B7FF04}
	EndGlobalSection
EndGlobal
