
Microsoft Visual Studio Solution File, Format Version 12.00
# Visual Studio 15
VisualStudioVersion = 15.0.28307.539
MinimumVisualStudioVersion = 10.0.40219.1
Project("{FAE04EC0-301F-11D3-BF4B-00C04F79EFBC}") = "EntityFrameworkDemo", "EntityFrameworkDemo\EntityFrameworkDemo.csproj", "{A2280D5D-67F2-4E5A-81BF-CB3E04A14CB3}"
EndProject
Project("{FAE04EC0-301F-11D3-BF4B-00C04F79EFBC}") = "Company.DataAccessLayer", "Company.DataAccessLayer\Company.DataAccessLayer.csproj", "{20CC1917-2AA7-4651-820A-D2A1DCE7D975}"
EndProject
Global
	GlobalSection(SolutionConfigurationPlatforms) = preSolution
		Debug|Any CPU = Debug|Any CPU
		Release|Any CPU = Release|Any CPU
	EndGlobalSection
	GlobalSection(ProjectConfigurationPlatforms) = postSolution
		{A2280D5D-67F2-4E5A-81BF-CB3E04A14CB3}.Debug|Any CPU.ActiveCfg = Debug|Any CPU
		{A2280D5D-67F2-4E5A-81BF-CB3E04A14CB3}.Debug|Any CPU.Build.0 = Debug|Any CPU
		{A2280D5D-67F2-4E5A-81BF-CB3E04A14CB3}.Release|Any CPU.ActiveCfg = Release|Any CPU
		{A2280D5D-67F2-4E5A-81BF-CB3E04A14CB3}.Release|Any CPU.Build.0 = Release|Any CPU
		{20CC1917-2AA7-4651-820A-D2A1DCE7D975}.Debug|Any CPU.ActiveCfg = Debug|Any CPU
		{20CC1917-2AA7-4651-820A-D2A1DCE7D975}.Debug|Any CPU.Build.0 = Debug|Any CPU
		{20CC1917-2AA7-4651-820A-D2A1DCE7D975}.Release|Any CPU.ActiveCfg = Release|Any CPU
		{20CC1917-2AA7-4651-820A-D2A1DCE7D975}.Release|Any CPU.Build.0 = Release|Any CPU
	EndGlobalSection
	GlobalSection(SolutionProperties) = preSolution
		HideSolutionNode = FALSE
	EndGlobalSection
	GlobalSection(ExtensibilityGlobals) = postSolution
		SolutionGuid = {99CDF389-0F3E-4C66-BFA5-D7305D185471}
	EndGlobalSection
EndGlobal
