
Microsoft Visual Studio Solution File, Format Version 12.00
# Visual Studio 15
VisualStudioVersion = 15.0.28307.539
MinimumVisualStudioVersion = 10.0.40219.1
Project("{FAE04EC0-301F-11D3-BF4B-00C04F79EFBC}") = "XmlSerializationExample", "XmlSerializationExample\XmlSerializationExample.csproj", "{60FE4908-DF63-4239-980F-0AFE150D6F48}"
EndProject
Global
	GlobalSection(SolutionConfigurationPlatforms) = preSolution
		Debug|Any CPU = Debug|Any CPU
		Release|Any CPU = Release|Any CPU
	EndGlobalSection
	GlobalSection(ProjectConfigurationPlatforms) = postSolution
		{60FE4908-DF63-4239-980F-0AFE150D6F48}.Debug|Any CPU.ActiveCfg = Debug|Any CPU
		{60FE4908-DF63-4239-980F-0AFE150D6F48}.Debug|Any CPU.Build.0 = Debug|Any CPU
		{60FE4908-DF63-4239-980F-0AFE150D6F48}.Release|Any CPU.ActiveCfg = Release|Any CPU
		{60FE4908-DF63-4239-980F-0AFE150D6F48}.Release|Any CPU.Build.0 = Release|Any CPU
	EndGlobalSection
	GlobalSection(SolutionProperties) = preSolution
		HideSolutionNode = FALSE
	EndGlobalSection
	GlobalSection(ExtensibilityGlobals) = postSolution
		SolutionGuid = {983623EB-4F10-4BE0-A888-7396EC700912}
	EndGlobalSection
EndGlobal
