
Microsoft Visual Studio Solution File, Format Version 12.00
# Visual Studio 15
VisualStudioVersion = 15.0.28307.539
MinimumVisualStudioVersion = 10.0.40219.1
Project("{FAE04EC0-301F-11D3-BF4B-00C04F79EFBC}") = "CollectionExample", "CollectionExample\CollectionExample.csproj", "{7F19FBA1-2607-4BC4-9A28-007A6EA52A0A}"
EndProject
Global
	GlobalSection(SolutionConfigurationPlatforms) = preSolution
		Debug|Any CPU = Debug|Any CPU
		Release|Any CPU = Release|Any CPU
	EndGlobalSection
	GlobalSection(ProjectConfigurationPlatforms) = postSolution
		{7F19FBA1-2607-4BC4-9A28-007A6EA52A0A}.Debug|Any CPU.ActiveCfg = Debug|Any CPU
		{7F19FBA1-2607-4BC4-9A28-007A6EA52A0A}.Debug|Any CPU.Build.0 = Debug|Any CPU
		{7F19FBA1-2607-4BC4-9A28-007A6EA52A0A}.Release|Any CPU.ActiveCfg = Release|Any CPU
		{7F19FBA1-2607-4BC4-9A28-007A6EA52A0A}.Release|Any CPU.Build.0 = Release|Any CPU
	EndGlobalSection
	GlobalSection(SolutionProperties) = preSolution
		HideSolutionNode = FALSE
	EndGlobalSection
	GlobalSection(ExtensibilityGlobals) = postSolution
		SolutionGuid = {A4431909-4CB4-4104-B47E-6DF352D48514}
	EndGlobalSection
EndGlobal
