
Microsoft Visual Studio Solution File, Format Version 12.00
# Visual Studio 15
VisualStudioVersion = 15.0.28307.539
MinimumVisualStudioVersion = 10.0.40219.1
Project("{FAE04EC0-301F-11D3-BF4B-00C04F79EFBC}") = "Pecunia", "Pecunia\Pecunia.csproj", "{CE5A543A-5E20-4104-8938-6CD5DD9C50A4}"
EndProject
Project("{FAE04EC0-301F-11D3-BF4B-00C04F79EFBC}") = "ClassLibrary1", "ClassLibrary1\ClassLibrary1.csproj", "{9393CB50-E66E-4168-B1E2-DC82547F1F07}"
EndProject
Global
	GlobalSection(SolutionConfigurationPlatforms) = preSolution
		Debug|Any CPU = Debug|Any CPU
		Release|Any CPU = Release|Any CPU
	EndGlobalSection
	GlobalSection(ProjectConfigurationPlatforms) = postSolution
		{CE5A543A-5E20-4104-8938-6CD5DD9C50A4}.Debug|Any CPU.ActiveCfg = Debug|Any CPU
		{CE5A543A-5E20-4104-8938-6CD5DD9C50A4}.Debug|Any CPU.Build.0 = Debug|Any CPU
		{CE5A543A-5E20-4104-8938-6CD5DD9C50A4}.Release|Any CPU.ActiveCfg = Release|Any CPU
		{CE5A543A-5E20-4104-8938-6CD5DD9C50A4}.Release|Any CPU.Build.0 = Release|Any CPU
		{9393CB50-E66E-4168-B1E2-DC82547F1F07}.Debug|Any CPU.ActiveCfg = Debug|Any CPU
		{9393CB50-E66E-4168-B1E2-DC82547F1F07}.Debug|Any CPU.Build.0 = Debug|Any CPU
		{9393CB50-E66E-4168-B1E2-DC82547F1F07}.Release|Any CPU.ActiveCfg = Release|Any CPU
		{9393CB50-E66E-4168-B1E2-DC82547F1F07}.Release|Any CPU.Build.0 = Release|Any CPU
	EndGlobalSection
	GlobalSection(SolutionProperties) = preSolution
		HideSolutionNode = FALSE
	EndGlobalSection
	GlobalSection(ExtensibilityGlobals) = postSolution
		SolutionGuid = {7E55CABC-1AF2-4FC3-8244-993D6006FA93}
	EndGlobalSection
EndGlobal
