
Microsoft Visual Studio Solution File, Format Version 12.00
# Visual Studio 15
VisualStudioVersion = 15.0.26228.9
MinimumVisualStudioVersion = 10.0.40219.1
Project("{FAE04EC0-301F-11D3-BF4B-00C04F79EFBC}") = "Pecunia.PresentationLayer", "Pecunia.PresentationLayer\Pecunia.PresentationLayer.csproj", "{3467AAA4-5310-4CB3-AF0D-6EF5809185A0}"
EndProject
Project("{FAE04EC0-301F-11D3-BF4B-00C04F79EFBC}") = "Pecunia.BusinessLayer", "Pecunia.BusinessLayer\Pecunia.BusinessLayer.csproj", "{D3CA5E1A-2D48-4D88-906C-DC2DA09EA5F0}"
EndProject
Project("{FAE04EC0-301F-11D3-BF4B-00C04F79EFBC}") = "Pecunia.DataAccessLayer", "Pecunia.DataAccessLayer\Pecunia.DataAccessLayer.csproj", "{071DE7DB-BAD2-4B3C-92B2-337B50B1039A}"
EndProject
Project("{FAE04EC0-301F-11D3-BF4B-00C04F79EFBC}") = "Pecunia.Entities", "Pecunia.Entities\Pecunia.Entities.csproj", "{CCB8BED5-565E-438F-9415-46A1B75AAE20}"
EndProject
Project("{FAE04EC0-301F-11D3-BF4B-00C04F79EFBC}") = "Pecunia.Exceptions", "Pecunia.Exceptions\Pecunia.Exceptions.csproj", "{FAA9B1FD-BB7D-4F4E-BC83-3A19D65F718D}"
EndProject
Global
	GlobalSection(SolutionConfigurationPlatforms) = preSolution
		Debug|Any CPU = Debug|Any CPU
		Release|Any CPU = Release|Any CPU
	EndGlobalSection
	GlobalSection(ProjectConfigurationPlatforms) = postSolution
		{3467AAA4-5310-4CB3-AF0D-6EF5809185A0}.Debug|Any CPU.ActiveCfg = Debug|Any CPU
		{3467AAA4-5310-4CB3-AF0D-6EF5809185A0}.Debug|Any CPU.Build.0 = Debug|Any CPU
		{3467AAA4-5310-4CB3-AF0D-6EF5809185A0}.Release|Any CPU.ActiveCfg = Release|Any CPU
		{3467AAA4-5310-4CB3-AF0D-6EF5809185A0}.Release|Any CPU.Build.0 = Release|Any CPU
		{D3CA5E1A-2D48-4D88-906C-DC2DA09EA5F0}.Debug|Any CPU.ActiveCfg = Debug|Any CPU
		{D3CA5E1A-2D48-4D88-906C-DC2DA09EA5F0}.Debug|Any CPU.Build.0 = Debug|Any CPU
		{D3CA5E1A-2D48-4D88-906C-DC2DA09EA5F0}.Release|Any CPU.ActiveCfg = Release|Any CPU
		{D3CA5E1A-2D48-4D88-906C-DC2DA09EA5F0}.Release|Any CPU.Build.0 = Release|Any CPU
		{071DE7DB-BAD2-4B3C-92B2-337B50B1039A}.Debug|Any CPU.ActiveCfg = Debug|Any CPU
		{071DE7DB-BAD2-4B3C-92B2-337B50B1039A}.Debug|Any CPU.Build.0 = Debug|Any CPU
		{071DE7DB-BAD2-4B3C-92B2-337B50B1039A}.Release|Any CPU.ActiveCfg = Release|Any CPU
		{071DE7DB-BAD2-4B3C-92B2-337B50B1039A}.Release|Any CPU.Build.0 = Release|Any CPU
		{CCB8BED5-565E-438F-9415-46A1B75AAE20}.Debug|Any CPU.ActiveCfg = Debug|Any CPU
		{CCB8BED5-565E-438F-9415-46A1B75AAE20}.Debug|Any CPU.Build.0 = Debug|Any CPU
		{CCB8BED5-565E-438F-9415-46A1B75AAE20}.Release|Any CPU.ActiveCfg = Release|Any CPU
		{CCB8BED5-565E-438F-9415-46A1B75AAE20}.Release|Any CPU.Build.0 = Release|Any CPU
		{FAA9B1FD-BB7D-4F4E-BC83-3A19D65F718D}.Debug|Any CPU.ActiveCfg = Debug|Any CPU
		{FAA9B1FD-BB7D-4F4E-BC83-3A19D65F718D}.Debug|Any CPU.Build.0 = Debug|Any CPU
		{FAA9B1FD-BB7D-4F4E-BC83-3A19D65F718D}.Release|Any CPU.ActiveCfg = Release|Any CPU
		{FAA9B1FD-BB7D-4F4E-BC83-3A19D65F718D}.Release|Any CPU.Build.0 = Release|Any CPU
	EndGlobalSection
	GlobalSection(SolutionProperties) = preSolution
		HideSolutionNode = FALSE
	EndGlobalSection
EndGlobal
